// !$*UTF8*$!
{
	archiveVersion = 1;
	classes = {
	};
	objectVersion = 46;
	objects = {

/* Begin PBXBuildFile section */
		A938236C1AA35B4E00EB6B5F /* AppDelegate.swift in Sources */ = {isa = PBXBuildFile; fileRef = A938236B1AA35B4E00EB6B5F /* AppDelegate.swift */; };
		A938236E1AA35B4E00EB6B5F /* ViewController.swift in Sources */ = {isa = PBXBuildFile; fileRef = A938236D1AA35B4E00EB6B5F /* ViewController.swift */; };
		A93823711AA35B4E00EB6B5F /* Main.storyboard in Resources */ = {isa = PBXBuildFile; fileRef = A938236F1AA35B4E00EB6B5F /* Main.storyboard */; };
		A93823731AA35B4E00EB6B5F /* Images.xcassets in Resources */ = {isa = PBXBuildFile; fileRef = A93823721AA35B4E00EB6B5F /* Images.xcassets */; };
		A93823761AA35B4E00EB6B5F /* LaunchScreen.xib in Resources */ = {isa = PBXBuildFile; fileRef = A93823741AA35B4E00EB6B5F /* LaunchScreen.xib */; };
		A93823821AA35B4E00EB6B5F /* RSSReaderTests.swift in Sources */ = {isa = PBXBuildFile; fileRef = A93823811AA35B4E00EB6B5F /* RSSReaderTests.swift */; };
		A9849EC61B0E24A600B656C3 /* DetailTableViewController.m in Sources */ = {isa = PBXBuildFile; fileRef = A9849EB21B0E24A600B656C3 /* DetailTableViewController.m */; };
		A9849EC71B0E24A600B656C3 /* GTMNSString+HTML.m in Sources */ = {isa = PBXBuildFile; fileRef = A9849EB41B0E24A600B656C3 /* GTMNSString+HTML.m */; };
		A9849EC81B0E24A600B656C3 /* MWFeedInfo.m in Sources */ = {isa = PBXBuildFile; fileRef = A9849EB61B0E24A600B656C3 /* MWFeedInfo.m */; };
		A9849EC91B0E24A600B656C3 /* MWFeedItem.m in Sources */ = {isa = PBXBuildFile; fileRef = A9849EB81B0E24A600B656C3 /* MWFeedItem.m */; };
		A9849ECA1B0E24A600B656C3 /* MWFeedParser.m in Sources */ = {isa = PBXBuildFile; fileRef = A9849EBA1B0E24A600B656C3 /* MWFeedParser.m */; };
		A9849ECB1B0E24A600B656C3 /* MWFeedParserAppDelegate.m in Sources */ = {isa = PBXBuildFile; fileRef = A9849EBD1B0E24A600B656C3 /* MWFeedParserAppDelegate.m */; };
		A9849ECC1B0E24A600B656C3 /* NSDate+InternetDateTime.m in Sources */ = {isa = PBXBuildFile; fileRef = A9849EBF1B0E24A600B656C3 /* NSDate+InternetDateTime.m */; };
		A9849ECD1B0E24A600B656C3 /* NSString+HTML.m in Sources */ = {isa = PBXBuildFile; fileRef = A9849EC11B0E24A600B656C3 /* NSString+HTML.m */; };
		A9849ECE1B0E24A600B656C3 /* NSString+XMLEntities.m in Sources */ = {isa = PBXBuildFile; fileRef = A9849EC31B0E24A600B656C3 /* NSString+XMLEntities.m */; };
		A9849ECF1B0E24A600B656C3 /* RootViewController.m in Sources */ = {isa = PBXBuildFile; fileRef = A9849EC51B0E24A600B656C3 /* RootViewController.m */; };
		A9E584C01BE1083A00CA49E8 /* AVOSCloud.framework in Frameworks */ = {isa = PBXBuildFile; fileRef = A9E584BE1BE1083A00CA49E8 /* AVOSCloud.framework */; };
		A9E584C11BE1083A00CA49E8 /* AVOSCloudCrashReporting.framework in Frameworks */ = {isa = PBXBuildFile; fileRef = A9E584BF1BE1083A00CA49E8 /* AVOSCloudCrashReporting.framework */; };
		E495B5AA1B0D7707004D5EA0 /* HTTPEngine.swift in Sources */ = {isa = PBXBuildFile; fileRef = E495B5A91B0D7707004D5EA0 /* HTTPEngine.swift */; };
		E4B694BB1B0C81530090E0B6 /* MainPageSection.swift in Sources */ = {isa = PBXBuildFile; fileRef = E4B694BA1B0C81530090E0B6 /* MainPageSection.swift */; };
		E4B694BD1B0C827D0090E0B6 /* MainPageRow.swift in Sources */ = {isa = PBXBuildFile; fileRef = E4B694BC1B0C827D0090E0B6 /* MainPageRow.swift */; };
		E4CA05FD1B0AEC670063D59F /* MainViewController.swift in Sources */ = {isa = PBXBuildFile; fileRef = E4CA05FB1B0AEC670063D59F /* MainViewController.swift */; };
		E4CA05FE1B0AEC670063D59F /* MainViewController.xib in Resources */ = {isa = PBXBuildFile; fileRef = E4CA05FC1B0AEC670063D59F /* MainViewController.xib */; };
		E4CA06021B0AED6B0063D59F /* MainTableViewCell.swift in Sources */ = {isa = PBXBuildFile; fileRef = E4CA06001B0AED6B0063D59F /* MainTableViewCell.swift */; };
		E4CA06031B0AED6B0063D59F /* MainTableViewCell.xib in Resources */ = {isa = PBXBuildFile; fileRef = E4CA06011B0AED6B0063D59F /* MainTableViewCell.xib */; };
/* End PBXBuildFile section */

/* Begin PBXContainerItemProxy section */
		A938237C1AA35B4E00EB6B5F /* PBXContainerItemProxy */ = {
			isa = PBXContainerItemProxy;
			containerPortal = A938235E1AA35B4E00EB6B5F /* Project object */;
			proxyType = 1;
			remoteGlobalIDString = A93823651AA35B4E00EB6B5F;
			remoteInfo = RSSReader;
		};
/* End PBXContainerItemProxy section */

/* Begin PBXFileReference section */
		A93823661AA35B4E00EB6B5F /* RSSReader.app */ = {isa = PBXFileReference; explicitFileType = wrapper.application; includeInIndex = 0; path = RSSReader.app; sourceTree = BUILT_PRODUCTS_DIR; };
		A938236A1AA35B4E00EB6B5F /* Info.plist */ = {isa = PBXFileReference; lastKnownFileType = text.plist.xml; path = Info.plist; sourceTree = "<group>"; };
		A938236B1AA35B4E00EB6B5F /* AppDelegate.swift */ = {isa = PBXFileReference; lastKnownFileType = sourcecode.swift; path = AppDelegate.swift; sourceTree = "<group>"; };
		A938236D1AA35B4E00EB6B5F /* ViewController.swift */ = {isa = PBXFileReference; lastKnownFileType = sourcecode.swift; path = ViewController.swift; sourceTree = "<group>"; };
		A93823701AA35B4E00EB6B5F /* Base */ = {isa = PBXFileReference; lastKnownFileType = file.storyboard; name = Base; path = Base.lproj/Main.storyboard; sourceTree = "<group>"; };
		A93823721AA35B4E00EB6B5F /* Images.xcassets */ = {isa = PBXFileReference; lastKnownFileType = folder.assetcatalog; path = Images.xcassets; sourceTree = "<group>"; };
		A93823751AA35B4E00EB6B5F /* Base */ = {isa = PBXFileReference; lastKnownFileType = file.xib; name = Base; path = Base.lproj/LaunchScreen.xib; sourceTree = "<group>"; };
		A938237B1AA35B4E00EB6B5F /* RSSReaderTests.xctest */ = {isa = PBXFileReference; explicitFileType = wrapper.cfbundle; includeInIndex = 0; path = RSSReaderTests.xctest; sourceTree = BUILT_PRODUCTS_DIR; };
		A93823801AA35B4E00EB6B5F /* Info.plist */ = {isa = PBXFileReference; lastKnownFileType = text.plist.xml; path = Info.plist; sourceTree = "<group>"; };
		A93823811AA35B4E00EB6B5F /* RSSReaderTests.swift */ = {isa = PBXFileReference; lastKnownFileType = sourcecode.swift; path = RSSReaderTests.swift; sourceTree = "<group>"; };
		A9849EAC1B0E248300B656C3 /* RSSReader-Bridging-Header.h */ = {isa = PBXFileReference; lastKnownFileType = sourcecode.c.h; name = "RSSReader-Bridging-Header.h"; path = "../Views/RSSReader-Bridging-Header.h"; sourceTree = "<group>"; };
		A9849EB11B0E24A600B656C3 /* DetailTableViewController.h */ = {isa = PBXFileReference; fileEncoding = 4; lastKnownFileType = sourcecode.c.h; path = DetailTableViewController.h; sourceTree = "<group>"; };
		A9849EB21B0E24A600B656C3 /* DetailTableViewController.m */ = {isa = PBXFileReference; fileEncoding = 4; lastKnownFileType = sourcecode.c.objc; path = DetailTableViewController.m; sourceTree = "<group>"; };
		A9849EB31B0E24A600B656C3 /* GTMNSString+HTML.h */ = {isa = PBXFileReference; fileEncoding = 4; lastKnownFileType = sourcecode.c.h; path = "GTMNSString+HTML.h"; sourceTree = "<group>"; };
		A9849EB41B0E24A600B656C3 /* GTMNSString+HTML.m */ = {isa = PBXFileReference; fileEncoding = 4; lastKnownFileType = sourcecode.c.objc; path = "GTMNSString+HTML.m"; sourceTree = "<group>"; };
		A9849EB51B0E24A600B656C3 /* MWFeedInfo.h */ = {isa = PBXFileReference; fileEncoding = 4; lastKnownFileType = sourcecode.c.h; path = MWFeedInfo.h; sourceTree = "<group>"; };
		A9849EB61B0E24A600B656C3 /* MWFeedInfo.m */ = {isa = PBXFileReference; fileEncoding = 4; lastKnownFileType = sourcecode.c.objc; path = MWFeedInfo.m; sourceTree = "<group>"; };
		A9849EB71B0E24A600B656C3 /* MWFeedItem.h */ = {isa = PBXFileReference; fileEncoding = 4; lastKnownFileType = sourcecode.c.h; path = MWFeedItem.h; sourceTree = "<group>"; };
		A9849EB81B0E24A600B656C3 /* MWFeedItem.m */ = {isa = PBXFileReference; fileEncoding = 4; lastKnownFileType = sourcecode.c.objc; path = MWFeedItem.m; sourceTree = "<group>"; };
		A9849EB91B0E24A600B656C3 /* MWFeedParser.h */ = {isa = PBXFileReference; fileEncoding = 4; lastKnownFileType = sourcecode.c.h; path = MWFeedParser.h; sourceTree = "<group>"; };
		A9849EBA1B0E24A600B656C3 /* MWFeedParser.m */ = {isa = PBXFileReference; fileEncoding = 4; lastKnownFileType = sourcecode.c.objc; path = MWFeedParser.m; sourceTree = "<group>"; };
		A9849EBB1B0E24A600B656C3 /* MWFeedParser_Private.h */ = {isa = PBXFileReference; fileEncoding = 4; lastKnownFileType = sourcecode.c.h; path = MWFeedParser_Private.h; sourceTree = "<group>"; };
		A9849EBC1B0E24A600B656C3 /* MWFeedParserAppDelegate.h */ = {isa = PBXFileReference; fileEncoding = 4; lastKnownFileType = sourcecode.c.h; path = MWFeedParserAppDelegate.h; sourceTree = "<group>"; };
		A9849EBD1B0E24A600B656C3 /* MWFeedParserAppDelegate.m */ = {isa = PBXFileReference; fileEncoding = 4; lastKnownFileType = sourcecode.c.objc; path = MWFeedParserAppDelegate.m; sourceTree = "<group>"; };
		A9849EBE1B0E24A600B656C3 /* NSDate+InternetDateTime.h */ = {isa = PBXFileReference; fileEncoding = 4; lastKnownFileType = sourcecode.c.h; path = "NSDate+InternetDateTime.h"; sourceTree = "<group>"; };
		A9849EBF1B0E24A600B656C3 /* NSDate+InternetDateTime.m */ = {isa = PBXFileReference; fileEncoding = 4; lastKnownFileType = sourcecode.c.objc; path = "NSDate+InternetDateTime.m"; sourceTree = "<group>"; };
		A9849EC01B0E24A600B656C3 /* NSString+HTML.h */ = {isa = PBXFileReference; fileEncoding = 4; lastKnownFileType = sourcecode.c.h; path = "NSString+HTML.h"; sourceTree = "<group>"; };
		A9849EC11B0E24A600B656C3 /* NSString+HTML.m */ = {isa = PBXFileReference; fileEncoding = 4; lastKnownFileType = sourcecode.c.objc; path = "NSString+HTML.m"; sourceTree = "<group>"; };
		A9849EC21B0E24A600B656C3 /* NSString+XMLEntities.h */ = {isa = PBXFileReference; fileEncoding = 4; lastKnownFileType = sourcecode.c.h; path = "NSString+XMLEntities.h"; sourceTree = "<group>"; };
		A9849EC31B0E24A600B656C3 /* NSString+XMLEntities.m */ = {isa = PBXFileReference; fileEncoding = 4; lastKnownFileType = sourcecode.c.objc; path = "NSString+XMLEntities.m"; sourceTree = "<group>"; };
		A9849EC41B0E24A600B656C3 /* RootViewController.h */ = {isa = PBXFileReference; fileEncoding = 4; lastKnownFileType = sourcecode.c.h; path = RootViewController.h; sourceTree = "<group>"; };
		A9849EC51B0E24A600B656C3 /* RootViewController.m */ = {isa = PBXFileReference; fileEncoding = 4; lastKnownFileType = sourcecode.c.objc; path = RootViewController.m; sourceTree = "<group>"; };
		A9E584BE1BE1083A00CA49E8 /* AVOSCloud.framework */ = {isa = PBXFileReference; lastKnownFileType = wrapper.framework; path = AVOSCloud.framework; sourceTree = "<group>"; };
		A9E584BF1BE1083A00CA49E8 /* AVOSCloudCrashReporting.framework */ = {isa = PBXFileReference; lastKnownFileType = wrapper.framework; path = AVOSCloudCrashReporting.framework; sourceTree = "<group>"; };
		E495B5A91B0D7707004D5EA0 /* HTTPEngine.swift */ = {isa = PBXFileReference; fileEncoding = 4; lastKnownFileType = sourcecode.swift; path = HTTPEngine.swift; sourceTree = "<group>"; };
		E4B694BA1B0C81530090E0B6 /* MainPageSection.swift */ = {isa = PBXFileReference; fileEncoding = 4; lastKnownFileType = sourcecode.swift; path = MainPageSection.swift; sourceTree = "<group>"; };
		E4B694BC1B0C827D0090E0B6 /* MainPageRow.swift */ = {isa = PBXFileReference; fileEncoding = 4; lastKnownFileType = sourcecode.swift; path = MainPageRow.swift; sourceTree = "<group>"; };
		E4CA05FB1B0AEC670063D59F /* MainViewController.swift */ = {isa = PBXFileReference; fileEncoding = 4; lastKnownFileType = sourcecode.swift; path = MainViewController.swift; sourceTree = "<group>"; };
		E4CA05FC1B0AEC670063D59F /* MainViewController.xib */ = {isa = PBXFileReference; fileEncoding = 4; lastKnownFileType = file.xib; path = MainViewController.xib; sourceTree = "<group>"; };
		E4CA06001B0AED6B0063D59F /* MainTableViewCell.swift */ = {isa = PBXFileReference; fileEncoding = 4; lastKnownFileType = sourcecode.swift; path = MainTableViewCell.swift; sourceTree = "<group>"; };
		E4CA06011B0AED6B0063D59F /* MainTableViewCell.xib */ = {isa = PBXFileReference; fileEncoding = 4; lastKnownFileType = file.xib; path = MainTableViewCell.xib; sourceTree = "<group>"; };
/* End PBXFileReference section */

/* Begin PBXFrameworksBuildPhase section */
		A93823631AA35B4E00EB6B5F /* Frameworks */ = {
			isa = PBXFrameworksBuildPhase;
			buildActionMask = 2147483647;
			files = (
				A9E584C11BE1083A00CA49E8 /* AVOSCloudCrashReporting.framework in Frameworks */,
				A9E584C01BE1083A00CA49E8 /* AVOSCloud.framework in Frameworks */,
			);
			runOnlyForDeploymentPostprocessing = 0;
		};
		A93823781AA35B4E00EB6B5F /* Frameworks */ = {
			isa = PBXFrameworksBuildPhase;
			buildActionMask = 2147483647;
			files = (
			);
			runOnlyForDeploymentPostprocessing = 0;
		};
/* End PBXFrameworksBuildPhase section */

/* Begin PBXGroup section */
		A938235D1AA35B4E00EB6B5F = {
			isa = PBXGroup;
			children = (
				A9E584BD1BE1083A00CA49E8 /* AVOSCloud_3.1.5.2_Static */,
				A9849EB01B0E24A600B656C3 /* MWFeedParser */,
				E4CA05FF1B0AEC8D0063D59F /* Views */,
				E4CA05FA1B0AEBCA0063D59F /* Controller */,
				A93823681AA35B4E00EB6B5F /* RSSReader */,
				A938237E1AA35B4E00EB6B5F /* RSSReaderTests */,
				A93823671AA35B4E00EB6B5F /* Products */,
			);
			sourceTree = "<group>";
		};
		A93823671AA35B4E00EB6B5F /* Products */ = {
			isa = PBXGroup;
			children = (
				A93823661AA35B4E00EB6B5F /* RSSReader.app */,
				A938237B1AA35B4E00EB6B5F /* RSSReaderTests.xctest */,
			);
			name = Products;
			sourceTree = "<group>";
		};
		A93823681AA35B4E00EB6B5F /* RSSReader */ = {
			isa = PBXGroup;
			children = (
				A938236B1AA35B4E00EB6B5F /* AppDelegate.swift */,
				A938236D1AA35B4E00EB6B5F /* ViewController.swift */,
				A938236F1AA35B4E00EB6B5F /* Main.storyboard */,
				A93823721AA35B4E00EB6B5F /* Images.xcassets */,
				A93823741AA35B4E00EB6B5F /* LaunchScreen.xib */,
				A93823691AA35B4E00EB6B5F /* Supporting Files */,
			);
			path = RSSReader;
			sourceTree = "<group>";
		};
		A93823691AA35B4E00EB6B5F /* Supporting Files */ = {
			isa = PBXGroup;
			children = (
				A938236A1AA35B4E00EB6B5F /* Info.plist */,
			);
			name = "Supporting Files";
			sourceTree = "<group>";
		};
		A938237E1AA35B4E00EB6B5F /* RSSReaderTests */ = {
			isa = PBXGroup;
			children = (
				A93823811AA35B4E00EB6B5F /* RSSReaderTests.swift */,
				A938237F1AA35B4E00EB6B5F /* Supporting Files */,
			);
			path = RSSReaderTests;
			sourceTree = "<group>";
		};
		A938237F1AA35B4E00EB6B5F /* Supporting Files */ = {
			isa = PBXGroup;
			children = (
				A93823801AA35B4E00EB6B5F /* Info.plist */,
			);
			name = "Supporting Files";
			sourceTree = "<group>";
		};
		A9849EB01B0E24A600B656C3 /* MWFeedParser */ = {
			isa = PBXGroup;
			children = (
				A9849EB11B0E24A600B656C3 /* DetailTableViewController.h */,
				A9849EB21B0E24A600B656C3 /* DetailTableViewController.m */,
				A9849EB31B0E24A600B656C3 /* GTMNSString+HTML.h */,
				A9849EB41B0E24A600B656C3 /* GTMNSString+HTML.m */,
				A9849EB51B0E24A600B656C3 /* MWFeedInfo.h */,
				A9849EB61B0E24A600B656C3 /* MWFeedInfo.m */,
				A9849EB71B0E24A600B656C3 /* MWFeedItem.h */,
				A9849EB81B0E24A600B656C3 /* MWFeedItem.m */,
				A9849EB91B0E24A600B656C3 /* MWFeedParser.h */,
				A9849EBA1B0E24A600B656C3 /* MWFeedParser.m */,
				A9849EBB1B0E24A600B656C3 /* MWFeedParser_Private.h */,
				A9849EBC1B0E24A600B656C3 /* MWFeedParserAppDelegate.h */,
				A9849EBD1B0E24A600B656C3 /* MWFeedParserAppDelegate.m */,
				A9849EBE1B0E24A600B656C3 /* NSDate+InternetDateTime.h */,
				A9849EBF1B0E24A600B656C3 /* NSDate+InternetDateTime.m */,
				A9849EC01B0E24A600B656C3 /* NSString+HTML.h */,
				A9849EC11B0E24A600B656C3 /* NSString+HTML.m */,
				A9849EC21B0E24A600B656C3 /* NSString+XMLEntities.h */,
				A9849EC31B0E24A600B656C3 /* NSString+XMLEntities.m */,
				A9849EC41B0E24A600B656C3 /* RootViewController.h */,
				A9849EC51B0E24A600B656C3 /* RootViewController.m */,
				A9849EAC1B0E248300B656C3 /* RSSReader-Bridging-Header.h */,
			);
			path = MWFeedParser;
			sourceTree = "<group>";
		};
		A9E584BD1BE1083A00CA49E8 /* AVOSCloud_3.1.5.2_Static */ = {
			isa = PBXGroup;
			children = (
				A9E584BE1BE1083A00CA49E8 /* AVOSCloud.framework */,
				A9E584BF1BE1083A00CA49E8 /* AVOSCloudCrashReporting.framework */,
			);
			path = AVOSCloud_3.1.5.2_Static;
			sourceTree = "<group>";
		};
		E4CA05FA1B0AEBCA0063D59F /* Controller */ = {
			isa = PBXGroup;
			children = (
				E4CA05FB1B0AEC670063D59F /* MainViewController.swift */,
				E4CA05FC1B0AEC670063D59F /* MainViewController.xib */,
				E495B5A91B0D7707004D5EA0 /* HTTPEngine.swift */,
			);
			path = Controller;
			sourceTree = "<group>";
		};
		E4CA05FF1B0AEC8D0063D59F /* Views */ = {
			isa = PBXGroup;
			children = (
				E4CA06001B0AED6B0063D59F /* MainTableViewCell.swift */,
				E4CA06011B0AED6B0063D59F /* MainTableViewCell.xib */,
				E4B694BA1B0C81530090E0B6 /* MainPageSection.swift */,
				E4B694BC1B0C827D0090E0B6 /* MainPageRow.swift */,
			);
			path = Views;
			sourceTree = "<group>";
		};
/* End PBXGroup section */

/* Begin PBXNativeTarget section */
		A93823651AA35B4E00EB6B5F /* RSSReader */ = {
			isa = PBXNativeTarget;
			buildConfigurationList = A93823851AA35B4E00EB6B5F /* Build configuration list for PBXNativeTarget "RSSReader" */;
			buildPhases = (
				A93823621AA35B4E00EB6B5F /* Sources */,
				A93823631AA35B4E00EB6B5F /* Frameworks */,
				A93823641AA35B4E00EB6B5F /* Resources */,
			);
			buildRules = (
			);
			dependencies = (
			);
			name = RSSReader;
			productName = RSSReader;
			productReference = A93823661AA35B4E00EB6B5F /* RSSReader.app */;
			productType = "com.apple.product-type.application";
		};
		A938237A1AA35B4E00EB6B5F /* RSSReaderTests */ = {
			isa = PBXNativeTarget;
			buildConfigurationList = A93823881AA35B4E00EB6B5F /* Build configuration list for PBXNativeTarget "RSSReaderTests" */;
			buildPhases = (
				A93823771AA35B4E00EB6B5F /* Sources */,
				A93823781AA35B4E00EB6B5F /* Frameworks */,
				A93823791AA35B4E00EB6B5F /* Resources */,
			);
			buildRules = (
			);
			dependencies = (
				A938237D1AA35B4E00EB6B5F /* PBXTargetDependency */,
			);
			name = RSSReaderTests;
			productName = RSSReaderTests;
			productReference = A938237B1AA35B4E00EB6B5F /* RSSReaderTests.xctest */;
			productType = "com.apple.product-type.bundle.unit-test";
		};
/* End PBXNativeTarget section */

/* Begin PBXProject section */
		A938235E1AA35B4E00EB6B5F /* Project object */ = {
			isa = PBXProject;
			attributes = {
				LastSwiftMigration = 0710;
				LastSwiftUpdateCheck = 0710;
				LastUpgradeCheck = 0610;
				ORGANIZATIONNAME = Mingbao;
				TargetAttributes = {
					A93823651AA35B4E00EB6B5F = {
						CreatedOnToolsVersion = 6.1.1;
					};
					A938237A1AA35B4E00EB6B5F = {
						CreatedOnToolsVersion = 6.1.1;
						TestTargetID = A93823651AA35B4E00EB6B5F;
					};
				};
			};
			buildConfigurationList = A93823611AA35B4E00EB6B5F /* Build configuration list for PBXProject "RSSReader" */;
			compatibilityVersion = "Xcode 3.2";
			developmentRegion = English;
			hasScannedForEncodings = 0;
			knownRegions = (
				en,
				Base,
			);
			mainGroup = A938235D1AA35B4E00EB6B5F;
			productRefGroup = A93823671AA35B4E00EB6B5F /* Products */;
			projectDirPath = "";
			projectRoot = "";
			targets = (
				A93823651AA35B4E00EB6B5F /* RSSReader */,
				A938237A1AA35B4E00EB6B5F /* RSSReaderTests */,
			);
		};
/* End PBXProject section */

/* Begin PBXResourcesBuildPhase section */
		A93823641AA35B4E00EB6B5F /* Resources */ = {
			isa = PBXResourcesBuildPhase;
			buildActionMask = 2147483647;
			files = (
				A93823711AA35B4E00EB6B5F /* Main.storyboard in Resources */,
				A93823761AA35B4E00EB6B5F /* LaunchScreen.xib in Resources */,
				A93823731AA35B4E00EB6B5F /* Images.xcassets in Resources */,
				E4CA05FE1B0AEC670063D59F /* MainViewController.xib in Resources */,
				E4CA06031B0AED6B0063D59F /* MainTableViewCell.xib in Resources */,
			);
			runOnlyForDeploymentPostprocessing = 0;
		};
		A93823791AA35B4E00EB6B5F /* Resources */ = {
			isa = PBXResourcesBuildPhase;
			buildActionMask = 2147483647;
			files = (
			);
			runOnlyForDeploymentPostprocessing = 0;
		};
/* End PBXResourcesBuildPhase section */

/* Begin PBXSourcesBuildPhase section */
		A93823621AA35B4E00EB6B5F /* Sources */ = {
			isa = PBXSourcesBuildPhase;
			buildActionMask = 2147483647;
			files = (
				A9849EC61B0E24A600B656C3 /* DetailTableViewController.m in Sources */,
				E495B5AA1B0D7707004D5EA0 /* HTTPEngine.swift in Sources */,
				A9849ECA1B0E24A600B656C3 /* MWFeedParser.m in Sources */,
				A9849EC71B0E24A600B656C3 /* GTMNSString+HTML.m in Sources */,
				E4B694BB1B0C81530090E0B6 /* MainPageSection.swift in Sources */,
				E4CA05FD1B0AEC670063D59F /* MainViewController.swift in Sources */,
				A9849EC91B0E24A600B656C3 /* MWFeedItem.m in Sources */,
				A9849ECD1B0E24A600B656C3 /* NSString+HTML.m in Sources */,
				E4B694BD1B0C827D0090E0B6 /* MainPageRow.swift in Sources */,
				A938236E1AA35B4E00EB6B5F /* ViewController.swift in Sources */,
				A9849ECE1B0E24A600B656C3 /* NSString+XMLEntities.m in Sources */,
				E4CA06021B0AED6B0063D59F /* MainTableViewCell.swift in Sources */,
				A9849ECF1B0E24A600B656C3 /* RootViewController.m in Sources */,
				A9849ECC1B0E24A600B656C3 /* NSDate+InternetDateTime.m in Sources */,
				A938236C1AA35B4E00EB6B5F /* AppDelegate.swift in Sources */,
				A9849ECB1B0E24A600B656C3 /* MWFeedParserAppDelegate.m in Sources */,
				A9849EC81B0E24A600B656C3 /* MWFeedInfo.m in Sources */,
			);
			runOnlyForDeploymentPostprocessing = 0;
		};
		A93823771AA35B4E00EB6B5F /* Sources */ = {
			isa = PBXSourcesBuildPhase;
			buildActionMask = 2147483647;
			files = (
				A93823821AA35B4E00EB6B5F /* RSSReaderTests.swift in Sources */,
			);
			runOnlyForDeploymentPostprocessing = 0;
		};
/* End PBXSourcesBuildPhase section */

/* Begin PBXTargetDependency section */
		A938237D1AA35B4E00EB6B5F /* PBXTargetDependency */ = {
			isa = PBXTargetDependency;
			target = A93823651AA35B4E00EB6B5F /* RSSReader */;
			targetProxy = A938237C1AA35B4E00EB6B5F /* PBXContainerItemProxy */;
		};
/* End PBXTargetDependency section */

/* Begin PBXVariantGroup section */
		A938236F1AA35B4E00EB6B5F /* Main.storyboard */ = {
			isa = PBXVariantGroup;
			children = (
				A93823701AA35B4E00EB6B5F /* Base */,
			);
			name = Main.storyboard;
			sourceTree = "<group>";
		};
		A93823741AA35B4E00EB6B5F /* LaunchScreen.xib */ = {
			isa = PBXVariantGroup;
			children = (
				A93823751AA35B4E00EB6B5F /* Base */,
			);
			name = LaunchScreen.xib;
			sourceTree = "<group>";
		};
/* End PBXVariantGroup section */

/* Begin XCBuildConfiguration section */
		A93823831AA35B4E00EB6B5F /* Debug */ = {
			isa = XCBuildConfiguration;
			buildSettings = {
				ALWAYS_SEARCH_USER_PATHS = NO;
				CLANG_CXX_LANGUAGE_STANDARD = "gnu++0x";
				CLANG_CXX_LIBRARY = "libc++";
				CLANG_ENABLE_MODULES = YES;
				CLANG_ENABLE_OBJC_ARC = YES;
				CLANG_WARN_BOOL_CONVERSION = YES;
				CLANG_WARN_CONSTANT_CONVERSION = YES;
				CLANG_WARN_DIRECT_OBJC_ISA_USAGE = YES_ERROR;
				CLANG_WARN_EMPTY_BODY = YES;
				CLANG_WARN_ENUM_CONVERSION = YES;
				CLANG_WARN_INT_CONVERSION = YES;
				CLANG_WARN_OBJC_ROOT_CLASS = YES_ERROR;
				CLANG_WARN_UNREACHABLE_CODE = YES;
				CLANG_WARN__DUPLICATE_METHOD_MATCH = YES;
				"CODE_SIGN_IDENTITY[sdk=iphoneos*]" = "iPhone Developer";
				COPY_PHASE_STRIP = NO;
				ENABLE_STRICT_OBJC_MSGSEND = YES;
				GCC_C_LANGUAGE_STANDARD = gnu99;
				GCC_DYNAMIC_NO_PIC = NO;
				GCC_OPTIMIZATION_LEVEL = 0;
				GCC_PREPROCESSOR_DEFINITIONS = (
					"DEBUG=1",
					"$(inherited)",
				);
				GCC_SYMBOLS_PRIVATE_EXTERN = NO;
				GCC_WARN_64_TO_32_BIT_CONVERSION = YES;
				GCC_WARN_ABOUT_RETURN_TYPE = YES_ERROR;
				GCC_WARN_UNDECLARED_SELECTOR = YES;
				GCC_WARN_UNINITIALIZED_AUTOS = YES_AGGRESSIVE;
				GCC_WARN_UNUSED_FUNCTION = YES;
				GCC_WARN_UNUSED_VARIABLE = YES;
				IPHONEOS_DEPLOYMENT_TARGET = 8.1;
				MTL_ENABLE_DEBUG_INFO = YES;
				ONLY_ACTIVE_ARCH = YES;
				SDKROOT = iphoneos;
				SWIFT_OPTIMIZATION_LEVEL = "-Onone";
			};
			name = Debug;
		};
		A93823841AA35B4E00EB6B5F /* Release */ = {
			isa = XCBuildConfiguration;
			buildSettings = {
				ALWAYS_SEARCH_USER_PATHS = NO;
				CLANG_CXX_LANGUAGE_STANDARD = "gnu++0x";
				CLANG_CXX_LIBRARY = "libc++";
				CLANG_ENABLE_MODULES = YES;
				CLANG_ENABLE_OBJC_ARC = YES;
				CLANG_WARN_BOOL_CONVERSION = YES;
				CLANG_WARN_CONSTANT_CONVERSION = YES;
				CLANG_WARN_DIRECT_OBJC_ISA_USAGE = YES_ERROR;
				CLANG_WARN_EMPTY_BODY = YES;
				CLANG_WARN_ENUM_CONVERSION = YES;
				CLANG_WARN_INT_CONVERSION = YES;
				CLANG_WARN_OBJC_ROOT_CLASS = YES_ERROR;
				CLANG_WARN_UNREACHABLE_CODE = YES;
				CLANG_WARN__DUPLICATE_METHOD_MATCH = YES;
				"CODE_SIGN_IDENTITY[sdk=iphoneos*]" = "iPhone Developer";
				COPY_PHASE_STRIP = YES;
				ENABLE_NS_ASSERTIONS = NO;
				ENABLE_STRICT_OBJC_MSGSEND = YES;
				GCC_C_LANGUAGE_STANDARD = gnu99;
				GCC_WARN_64_TO_32_BIT_CONVERSION = YES;
				GCC_WARN_ABOUT_RETURN_TYPE = YES_ERROR;
				GCC_WARN_UNDECLARED_SELECTOR = YES;
				GCC_WARN_UNINITIALIZED_AUTOS = YES_AGGRESSIVE;
				GCC_WARN_UNUSED_FUNCTION = YES;
				GCC_WARN_UNUSED_VARIABLE = YES;
				IPHONEOS_DEPLOYMENT_TARGET = 8.1;
				MTL_ENABLE_DEBUG_INFO = NO;
				SDKROOT = iphoneos;
				VALIDATE_PRODUCT = YES;
			};
			name = Release;
		};
		A93823861AA35B4E00EB6B5F /* Debug */ = {
			isa = XCBuildConfiguration;
			buildSettings = {
				ASSETCATALOG_COMPILER_APPICON_NAME = AppIcon;
				CLANG_ENABLE_MODULES = YES;
				FRAMEWORK_SEARCH_PATHS = (
					"$(inherited)",
					"$(PROJECT_DIR)/AVOSCloud_3.1.1",
					"$(PROJECT_DIR)/AVOSCloud_3.1.5.2_Static",
				);
				INFOPLIST_FILE = RSSReader/Info.plist;
				LD_RUNPATH_SEARCH_PATHS = "$(inherited) @executable_path/Frameworks";
				PRODUCT_NAME = "$(TARGET_NAME)";
				SWIFT_OBJC_BRIDGING_HEADER = "Views/RSSReader-Bridging-Header.h";
				SWIFT_OPTIMIZATION_LEVEL = "-Onone";
			};
			name = Debug;
		};
		A93823871AA35B4E00EB6B5F /* Release */ = {
			isa = XCBuildConfiguration;
			buildSettings = {
				ASSETCATALOG_COMPILER_APPICON_NAME = AppIcon;
				CLANG_ENABLE_MODULES = YES;
				FRAMEWORK_SEARCH_PATHS = (
					"$(inherited)",
					"$(PROJECT_DIR)/AVOSCloud_3.1.1",
					"$(PROJECT_DIR)/AVOSCloud_3.1.5.2_Static",
				);
				INFOPLIST_FILE = RSSReader/Info.plist;
				LD_RUNPATH_SEARCH_PATHS = "$(inherited) @executable_path/Frameworks";
				PRODUCT_NAME = "$(TARGET_NAME)";
				SWIFT_OBJC_BRIDGING_HEADER = "Views/RSSReader-Bridging-Header.h";
			};
			name = Release;
		};
		A93823891AA35B4E00EB6B5F /* Debug */ = {
			isa = XCBuildConfiguration;
			buildSettings = {
				BUNDLE_LOADER = "$(TEST_HOST)";
				FRAMEWORK_SEARCH_PATHS = (
					"$(SDKROOT)/Developer/Library/Frameworks",
					"$(inherited)",
				);
				GCC_PREPROCESSOR_DEFINITIONS = (
					"DEBUG=1",
					"$(inherited)",
				);
				INFOPLIST_FILE = RSSReaderTests/Info.plist;
				LD_RUNPATH_SEARCH_PATHS = "$(inherited) @executable_path/Frameworks @loader_path/Frameworks";
				PRODUCT_NAME = "$(TARGET_NAME)";
				TEST_HOST = "$(BUILT_PRODUCTS_DIR)/RSSReader.app/RSSReader";
			};
			name = Debug;
		};
		A938238A1AA35B4E00EB6B5F /* Release */ = {
			isa = XCBuildConfiguration;
			buildSettings = {
				BUNDLE_LOADER = "$(TEST_HOST)";
				FRAMEWORK_SEARCH_PATHS = (
					"$(SDKROOT)/Developer/Library/Frameworks",
					"$(inherited)",
				);
				INFOPLIST_FILE = RSSReaderTests/Info.plist;
				LD_RUNPATH_SEARCH_PATHS = "$(inherited) @executable_path/Frameworks @loader_path/Frameworks";
				PRODUCT_NAME = "$(TARGET_NAME)";
				TEST_HOST = "$(BUILT_PRODUCTS_DIR)/RSSReader.app/RSSReader";
			};
			name = Release;
		};
/* End XCBuildConfiguration section */

/* Begin XCConfigurationList section */
		A93823611AA35B4E00EB6B5F /* Build configuration list for PBXProject "RSSReader" */ = {
			isa = XCConfigurationList;
			buildConfigurations = (
				A93823831AA35B4E00EB6B5F /* Debug */,
				A93823841AA35B4E00EB6B5F /* Release */,
			);
			defaultConfigurationIsVisible = 0;
			defaultConfigurationName = Release;
		};
		A93823851AA35B4E00EB6B5F /* Build configuration list for PBXNativeTarget "RSSReader" */ = {
			isa = XCConfigurationList;
			buildConfigurations = (
				A93823861AA35B4E00EB6B5F /* Debug */,
				A93823871AA35B4E00EB6B5F /* Release */,
			);
			defaultConfigurationIsVisible = 0;
			defaultConfigurationName = Release;
		};
		A93823881AA35B4E00EB6B5F /* Build configuration list for PBXNativeTarget "RSSReaderTests" */ = {
			isa = XCConfigurationList;
			buildConfigurations = (
				A93823891AA35B4E00EB6B5F /* Debug */,
				A938238A1AA35B4E00EB6B5F /* Release */,
			);
			defaultConfigurationIsVisible = 0;
			defaultConfigurationName = Release;
		};
/* End XCConfigurationList section */
	};
	rootObject = A938235E1AA35B4E00EB6B5F /* Project object */;
}
