// !$*UTF8*$!
{
	archiveVersion = 1;
	classes = {
	};
	objectVersion = 46;
	objects = {

/* Begin PBXBuildFile section */
		A938236C1AA35B4E00EB6B5F /* AppDelegate.swift in Sources */ = {isa = PBXBuildFile; fileRef = A938236B1AA35B4E00EB6B5F /* AppDelegate.swift */; };
		A938236E1AA35B4E00EB6B5F /* ViewController.swift in Sources */ = {isa = PBXBuildFile; fileRef = A938236D1AA35B4E00EB6B5F /* ViewController.swift */; };
		A93823711AA35B4E00EB6B5F /* Main.storyboard in Resources */ = {isa = PBXBuildFile; fileRef = A938236F1AA35B4E00EB6B5F /* Main.storyboard */; };
		A93823731AA35B4E00EB6B5F /* Images.xcassets in Resources */ = {isa = PBXBuildFile; fileRef = A93823721AA35B4E00EB6B5F /* Images.xcassets */; };
		A93823761AA35B4E00EB6B5F /* LaunchScreen.xib in Resources */ = {isa = PBXBuildFile; fileRef = A93823741AA35B4E00EB6B5F /* LaunchScreen.xib */; };
		A93823821AA35B4E00EB6B5F /* RSSReaderTests.swift in Sources */ = {isa = PBXBuildFile; fileRef = A93823811AA35B4E00EB6B5F /* RSSReaderTests.swift */; };
/* End PBXBuildFile section */

/* Begin PBXContainerItemProxy section */
		A938237C1AA35B4E00EB6B5F /* PBXContainerItemProxy */ = {
			isa = PBXContainerItemProxy;
			containerPortal = A938235E1AA35B4E00EB6B5F /* Project object */;
			proxyType = 1;
			remoteGlobalIDString = A93823651AA35B4E00EB6B5F;
			remoteInfo = RSSReader;
		};
/* End PBXContainerItemProxy section */

/* Begin PBXFileReference section */
		A93823661AA35B4E00EB6B5F /* RSSReader.app */ = {isa = PBXFileReference; explicitFileType = wrapper.application; includeInIndex = 0; path = RSSReader.app; sourceTree = BUILT_PRODUCTS_DIR; };
		A938236A1AA35B4E00EB6B5F /* Info.plist */ = {isa = PBXFileReference; lastKnownFileType = text.plist.xml; path = Info.plist; sourceTree = "<group>"; };
		A938236B1AA35B4E00EB6B5F /* AppDelegate.swift */ = {isa = PBXFileReference; lastKnownFileType = sourcecode.swift; path = AppDelegate.swift; sourceTree = "<group>"; };
		A938236D1AA35B4E00EB6B5F /* ViewController.swift */ = {isa = PBXFileReference; lastKnownFileType = sourcecode.swift; path = ViewController.swift; sourceTree = "<group>"; };
		A93823701AA35B4E00EB6B5F /* Base */ = {isa = PBXFileReference; lastKnownFileType = file.storyboard; name = Base; path = Base.lproj/Main.storyboard; sourceTree = "<group>"; };
		A93823721AA35B4E00EB6B5F /* Images.xcassets */ = {isa = PBXFileReference; lastKnownFileType = folder.assetcatalog; path = Images.xcassets; sourceTree = "<group>"; };
		A93823751AA35B4E00EB6B5F /* Base */ = {isa = PBXFileReference; lastKnownFileType = file.xib; name = Base; path = Base.lproj/LaunchScreen.xib; sourceTree = "<group>"; };
		A938237B1AA35B4E00EB6B5F /* RSSReaderTests.xctest */ = {isa = PBXFileReference; explicitFileType = wrapper.cfbundle; includeInIndex = 0; path = RSSReaderTests.xctest; sourceTree = BUILT_PRODUCTS_DIR; };
		A93823801AA35B4E00EB6B5F /* Info.plist */ = {isa = PBXFileReference; lastKnownFileType = text.plist.xml; path = Info.plist; sourceTree = "<group>"; };
		A93823811AA35B4E00EB6B5F /* RSSReaderTests.swift */ = {isa = PBXFileReference; lastKnownFileType = sourcecode.swift; path = RSSReaderTests.swift; sourceTree = "<group>"; };
/* End PBXFileReference section */

/* Begin PBXFrameworksBuildPhase section */
		A93823631AA35B4E00EB6B5F /* Frameworks */ = {
			isa = PBXFrameworksBuildPhase;
			buildActionMask = 2147483647;
			files = (
			);
			runOnlyForDeploymentPostprocessing = 0;
		};
		A93823781AA35B4E00EB6B5F /* Frameworks */ = {
			isa = PBXFrameworksBuildPhase;
			buildActionMask = 2147483647;
			files = (
			);
			runOnlyForDeploymentPostprocessing = 0;
		};
/* End PBXFrameworksBuildPhase section */

/* Begin PBXGroup section */
		A938235D1AA35B4E00EB6B5F = {
			isa = PBXGroup;
			children = (
				A93823681AA35B4E00EB6B5F /* RSSReader */,
				A938237E1AA35B4E00EB6B5F /* RSSReaderTests */,
				A93823671AA35B4E00EB6B5F /* Products */,
			);
			sourceTree = "<group>";
		};
		A93823671AA35B4E00EB6B5F /* Products */ = {
			isa = PBXGroup;
			children = (
				A93823661AA35B4E00EB6B5F /* RSSReader.app */,
				A938237B1AA35B4E00EB6B5F /* RSSReaderTests.xctest */,
			);
			name = Products;
			sourceTree = "<group>";
		};
		A93823681AA35B4E00EB6B5F /* RSSReader */ = {
			isa = PBXGroup;
			children = (
				A938236B1AA35B4E00EB6B5F /* AppDelegate.swift */,
				A938236D1AA35B4E00EB6B5F /* ViewController.swift */,
				A938236F1AA35B4E00EB6B5F /* Main.storyboard */,
				A93823721AA35B4E00EB6B5F /* Images.xcassets */,
				A93823741AA35B4E00EB6B5F /* LaunchScreen.xib */,
				A93823691AA35B4E00EB6B5F /* Supporting Files */,
			);
			path = RSSReader;
			sourceTree = "<group>";
		};
		A93823691AA35B4E00EB6B5F /* Supporting Files */ = {
			isa = PBXGroup;
			children = (
				A938236A1AA35B4E00EB6B5F /* Info.plist */,
			);
			name = "Supporting Files";
			sourceTree = "<group>";
		};
		A938237E1AA35B4E00EB6B5F /* RSSReaderTests */ = {
			isa = PBXGroup;
			children = (
				A93823811AA35B4E00EB6B5F /* RSSReaderTests.swift */,
				A938237F1AA35B4E00EB6B5F /* Supporting Files */,
			);
			path = RSSReaderTests;
			sourceTree = "<group>";
		};
		A938237F1AA35B4E00EB6B5F /* Supporting Files */ = {
			isa = PBXGroup;
			children = (
				A93823801AA35B4E00EB6B5F /* Info.plist */,
			);
			name = "Supporting Files";
			sourceTree = "<group>";
		};
/* End PBXGroup section */

/* Begin PBXNativeTarget section */
		A93823651AA35B4E00EB6B5F /* RSSReader */ = {
			isa = PBXNativeTarget;
			buildConfigurationList = A93823851AA35B4E00EB6B5F /* Build configuration list for PBXNativeTarget "RSSReader" */;
			buildPhases = (
				A93823621AA35B4E00EB6B5F /* Sources */,
				A93823631AA35B4E00EB6B5F /* Frameworks */,
				A93823641AA35B4E00EB6B5F /* Resources */,
			);
			buildRules = (
			);
			dependencies = (
			);
			name = RSSReader;
			productName = RSSReader;
			productReference = A93823661AA35B4E00EB6B5F /* RSSReader.app */;
			productType = "com.apple.product-type.application";
		};
		A938237A1AA35B4E00EB6B5F /* RSSReaderTests */ = {
			isa = PBXNativeTarget;
			buildConfigurationList = A93823881AA35B4E00EB6B5F /* Build configuration list for PBXNativeTarget "RSSReaderTests" */;
			buildPhases = (
				A93823771AA35B4E00EB6B5F /* Sources */,
				A93823781AA35B4E00EB6B5F /* Frameworks */,
				A93823791AA35B4E00EB6B5F /* Resources */,
			);
			buildRules = (
			);
			dependencies = (
				A938237D1AA35B4E00EB6B5F /* PBXTargetDependency */,
			);
			name = RSSReaderTests;
			productName = RSSReaderTests;
			productReference = A938237B1AA35B4E00EB6B5F /* RSSReaderTests.xctest */;
			productType = "com.apple.product-type.bundle.unit-test";
		};
/* End PBXNativeTarget section */

/* Begin PBXProject section */
		A938235E1AA35B4E00EB6B5F /* Project object */ = {
			isa = PBXProject;
			attributes = {
				LastUpgradeCheck = 0610;
				ORGANIZATIONNAME = Mingbao;
				TargetAttributes = {
					A93823651AA35B4E00EB6B5F = {
						CreatedOnToolsVersion = 6.1.1;
					};
					A938237A1AA35B4E00EB6B5F = {
						CreatedOnToolsVersion = 6.1.1;
						TestTargetID = A93823651AA35B4E00EB6B5F;
					};
				};
			};
			buildConfigurationList = A93823611AA35B4E00EB6B5F /* Build configuration list for PBXProject "RSSReader" */;
			compatibilityVersion = "Xcode 3.2";
			developmentRegion = English;
			hasScannedForEncodings = 0;
			knownRegions = (
				en,
				Base,
			);
			mainGroup = A938235D1AA35B4E00EB6B5F;
			productRefGroup = A93823671AA35B4E00EB6B5F /* Products */;
			projectDirPath = "";
			projectRoot = "";
			targets = (
				A93823651AA35B4E00EB6B5F /* RSSReader */,
				A938237A1AA35B4E00EB6B5F /* RSSReaderTests */,
			);
		};
/* End PBXProject section */

/* Begin PBXResourcesBuildPhase section */
		A93823641AA35B4E00EB6B5F /* Resources */ = {
			isa = PBXResourcesBuildPhase;
			buildActionMask = 2147483647;
			files = (
				A93823711AA35B4E00EB6B5F /* Main.storyboard in Resources */,
				A93823761AA35B4E00EB6B5F /* LaunchScreen.xib in Resources */,
				A93823731AA35B4E00EB6B5F /* Images.xcassets in Resources */,
			);
			runOnlyForDeploymentPostprocessing = 0;
		};
		A93823791AA35B4E00EB6B5F /* Resources */ = {
			isa = PBXResourcesBuildPhase;
			buildActionMask = 2147483647;
			files = (
			);
			runOnlyForDeploymentPostprocessing = 0;
		};
/* End PBXResourcesBuildPhase section */

/* Begin PBXSourcesBuildPhase section */
		A93823621AA35B4E00EB6B5F /* Sources */ = {
			isa = PBXSourcesBuildPhase;
			buildActionMask = 2147483647;
			files = (
				A938236E1AA35B4E00EB6B5F /* ViewController.swift in Sources */,
				A938236C1AA35B4E00EB6B5F /* AppDelegate.swift in Sources */,
			);
			runOnlyForDeploymentPostprocessing = 0;
		};
		A93823771AA35B4E00EB6B5F /* Sources */ = {
			isa = PBXSourcesBuildPhase;
			buildActionMask = 2147483647;
			files = (
				A93823821AA35B4E00EB6B5F /* RSSReaderTests.swift in Sources */,
			);
			runOnlyForDeploymentPostprocessing = 0;
		};
/* End PBXSourcesBuildPhase section */

/* Begin PBXTargetDependency section */
		A938237D1AA35B4E00EB6B5F /* PBXTargetDependency */ = {
			isa = PBXTargetDependency;
			target = A93823651AA35B4E00EB6B5F /* RSSReader */;
			targetProxy = A938237C1AA35B4E00EB6B5F /* PBXContainerItemProxy */;
		};
/* End PBXTargetDependency section */

/* Begin PBXVariantGroup section */
		A938236F1AA35B4E00EB6B5F /* Main.storyboard */ = {
			isa = PBXVariantGroup;
			children = (
				A93823701AA35B4E00EB6B5F /* Base */,
			);
			name = Main.storyboard;
			sourceTree = "<group>";
		};
		A93823741AA35B4E00EB6B5F /* LaunchScreen.xib */ = {
			isa = PBXVariantGroup;
			children = (
				A93823751AA35B4E00EB6B5F /* Base */,
			);
			name = LaunchScreen.xib;
			sourceTree = "<group>";
		};
/* End PBXVariantGroup section */

/* Begin XCBuildConfiguration section */
		A93823831AA35B4E00EB6B5F /* Debug */ = {
			isa = XCBuildConfiguration;
			buildSettings = {
				ALWAYS_SEARCH_USER_PATHS = NO;
				CLANG_CXX_LANGUAGE_STANDARD = "gnu++0x";
				CLANG_CXX_LIBRARY = "libc++";
				CLANG_ENABLE_MODULES = YES;
				CLANG_ENABLE_OBJC_ARC = YES;
				CLANG_WARN_BOOL_CONVERSION = YES;
				CLANG_WARN_CONSTANT_CONVERSION = YES;
				CLANG_WARN_DIRECT_OBJC_ISA_USAGE = YES_ERROR;
				CLANG_WARN_EMPTY_BODY = YES;
				CLANG_WARN_ENUM_CONVERSION = YES;
				CLANG_WARN_INT_CONVERSION = YES;
				CLANG_WARN_OBJC_ROOT_CLASS = YES_ERROR;
				CLANG_WARN_UNREACHABLE_CODE = YES;
				CLANG_WARN__DUPLICATE_METHOD_MATCH = YES;
				"CODE_SIGN_IDENTITY[sdk=iphoneos*]" = "iPhone Developer";
				COPY_PHASE_STRIP = NO;
				ENABLE_STRICT_OBJC_MSGSEND = YES;
				GCC_C_LANGUAGE_STANDARD = gnu99;
				GCC_DYNAMIC_NO_PIC = NO;
				GCC_OPTIMIZATION_LEVEL = 0;
				GCC_PREPROCESSOR_DEFINITIONS = (
					"DEBUG=1",
					"$(inherited)",
				);
				GCC_SYMBOLS_PRIVATE_EXTERN = NO;
				GCC_WARN_64_TO_32_BIT_CONVERSION = YES;
				GCC_WARN_ABOUT_RETURN_TYPE = YES_ERROR;
				GCC_WARN_UNDECLARED_SELECTOR = YES;
				GCC_WARN_UNINITIALIZED_AUTOS = YES_AGGRESSIVE;
				GCC_WARN_UNUSED_FUNCTION = YES;
				GCC_WARN_UNUSED_VARIABLE = YES;
				IPHONEOS_DEPLOYMENT_TARGET = 8.1;
				MTL_ENABLE_DEBUG_INFO = YES;
				ONLY_ACTIVE_ARCH = YES;
				SDKROOT = iphoneos;
				SWIFT_OPTIMIZATION_LEVEL = "-Onone";
			};
			name = Debug;
		};
		A93823841AA35B4E00EB6B5F /* Release */ = {
			isa = XCBuildConfiguration;
			buildSettings = {
				ALWAYS_SEARCH_USER_PATHS = NO;
				CLANG_CXX_LANGUAGE_STANDARD = "gnu++0x";
				CLANG_CXX_LIBRARY = "libc++";
				CLANG_ENABLE_MODULES = YES;
				CLANG_ENABLE_OBJC_ARC = YES;
				CLANG_WARN_BOOL_CONVERSION = YES;
				CLANG_WARN_CONSTANT_CONVERSION = YES;
				CLANG_WARN_DIRECT_OBJC_ISA_USAGE = YES_ERROR;
				CLANG_WARN_EMPTY_BODY = YES;
				CLANG_WARN_ENUM_CONVERSION = YES;
				CLANG_WARN_INT_CONVERSION = YES;
				CLANG_WARN_OBJC_ROOT_CLASS = YES_ERROR;
				CLANG_WARN_UNREACHABLE_CODE = YES;
				CLANG_WARN__DUPLICATE_METHOD_MATCH = YES;
				"CODE_SIGN_IDENTITY[sdk=iphoneos*]" = "iPhone Developer";
				COPY_PHASE_STRIP = YES;
				ENABLE_NS_ASSERTIONS = NO;
				ENABLE_STRICT_OBJC_MSGSEND = YES;
				GCC_C_LANGUAGE_STANDARD = gnu99;
				GCC_WARN_64_TO_32_BIT_CONVERSION = YES;
				GCC_WARN_ABOUT_RETURN_TYPE = YES_ERROR;
				GCC_WARN_UNDECLARED_SELECTOR = YES;
				GCC_WARN_UNINITIALIZED_AUTOS = YES_AGGRESSIVE;
				GCC_WARN_UNUSED_FUNCTION = YES;
				GCC_WARN_UNUSED_VARIABLE = YES;
				IPHONEOS_DEPLOYMENT_TARGET = 8.1;
				MTL_ENABLE_DEBUG_INFO = NO;
				SDKROOT = iphoneos;
				VALIDATE_PRODUCT = YES;
			};
			name = Release;
		};
		A93823861AA35B4E00EB6B5F /* Debug */ = {
			isa = XCBuildConfiguration;
			buildSettings = {
				ASSETCATALOG_COMPILER_APPICON_NAME = AppIcon;
				INFOPLIST_FILE = RSSReader/Info.plist;
				LD_RUNPATH_SEARCH_PATHS = "$(inherited) @executable_path/Frameworks";
				PRODUCT_NAME = "$(TARGET_NAME)";
			};
			name = Debug;
		};
		A93823871AA35B4E00EB6B5F /* Release */ = {
			isa = XCBuildConfiguration;
			buildSettings = {
				ASSETCATALOG_COMPILER_APPICON_NAME = AppIcon;
				INFOPLIST_FILE = RSSReader/Info.plist;
				LD_RUNPATH_SEARCH_PATHS = "$(inherited) @executable_path/Frameworks";
				PRODUCT_NAME = "$(TARGET_NAME)";
			};
			name = Release;
		};
		A93823891AA35B4E00EB6B5F /* Debug */ = {
			isa = XCBuildConfiguration;
			buildSettings = {
				BUNDLE_LOADER = "$(TEST_HOST)";
				FRAMEWORK_SEARCH_PATHS = (
					"$(SDKROOT)/Developer/Library/Frameworks",
					"$(inherited)",
				);
				GCC_PREPROCESSOR_DEFINITIONS = (
					"DEBUG=1",
					"$(inherited)",
				);
				INFOPLIST_FILE = RSSReaderTests/Info.plist;
				LD_RUNPATH_SEARCH_PATHS = "$(inherited) @executable_path/Frameworks @loader_path/Frameworks";
				PRODUCT_NAME = "$(TARGET_NAME)";
				TEST_HOST = "$(BUILT_PRODUCTS_DIR)/RSSReader.app/RSSReader";
			};
			name = Debug;
		};
		A938238A1AA35B4E00EB6B5F /* Release */ = {
			isa = XCBuildConfiguration;
			buildSettings = {
				BUNDLE_LOADER = "$(TEST_HOST)";
				FRAMEWORK_SEARCH_PATHS = (
					"$(SDKROOT)/Developer/Library/Frameworks",
					"$(inherited)",
				);
				INFOPLIST_FILE = RSSReaderTests/Info.plist;
				LD_RUNPATH_SEARCH_PATHS = "$(inherited) @executable_path/Frameworks @loader_path/Frameworks";
				PRODUCT_NAME = "$(TARGET_NAME)";
				TEST_HOST = "$(BUILT_PRODUCTS_DIR)/RSSReader.app/RSSReader";
			};
			name = Release;
		};
/* End XCBuildConfiguration section */

/* Begin XCConfigurationList section */
		A93823611AA35B4E00EB6B5F /* Build configuration list for PBXProject "RSSReader" */ = {
			isa = XCConfigurationList;
			buildConfigurations = (
				A93823831AA35B4E00EB6B5F /* Debug */,
				A93823841AA35B4E00EB6B5F /* Release */,
			);
			defaultConfigurationIsVisible = 0;
			defaultConfigurationName = Release;
		};
		A93823851AA35B4E00EB6B5F /* Build configuration list for PBXNativeTarget "RSSReader" */ = {
			isa = XCConfigurationList;
			buildConfigurations = (
				A93823861AA35B4E00EB6B5F /* Debug */,
				A93823871AA35B4E00EB6B5F /* Release */,
			);
			defaultConfigurationIsVisible = 0;
		};
		A93823881AA35B4E00EB6B5F /* Build configuration list for PBXNativeTarget "RSSReaderTests" */ = {
			isa = XCConfigurationList;
			buildConfigurations = (
				A93823891AA35B4E00EB6B5F /* Debug */,
				A938238A1AA35B4E00EB6B5F /* Release */,
			);
			defaultConfigurationIsVisible = 0;
		};
/* End XCConfigurationList section */
	};
	rootObject = A938235E1AA35B4E00EB6B5F /* Project object */;
}
